
Microsoft Visual Studio Solution File, Format Version 12.00
# Visual Studio Version 16
VisualStudioVersion = 16.0.30517.126
MinimumVisualStudioVersion = 10.0.40219.1
Project("{FAE04EC0-301F-11D3-BF4B-00C04F79EFBC}") = "String Calculator Kata", "String Calculator Kata\String Calculator Kata.csproj", "{DE240BC3-08A3-4A6B-83A3-C87FD558CB77}"
EndProject
Project("{FAE04EC0-301F-11D3-BF4B-00C04F79EFBC}") = "String Calculator Kata_Test", "String Calculator Kata_Test\String Calculator Kata_Test.csproj", "{F27E8238-ADBF-4F67-8EE0-BD4F73DAB75C}"
EndProject
Global
	GlobalSection(SolutionConfigurationPlatforms) = preSolution
		Debug|Any CPU = Debug|Any CPU
		Release|Any CPU = Release|Any CPU
	EndGlobalSection
	GlobalSection(ProjectConfigurationPlatforms) = postSolution
		{DE240BC3-08A3-4A6B-83A3-C87FD558CB77}.Debug|Any CPU.ActiveCfg = Debug|Any CPU
		{DE240BC3-08A3-4A6B-83A3-C87FD558CB77}.Debug|Any CPU.Build.0 = Debug|Any CPU
		{DE240BC3-08A3-4A6B-83A3-C87FD558CB77}.Release|Any CPU.ActiveCfg = Release|Any CPU
		{DE240BC3-08A3-4A6B-83A3-C87FD558CB77}.Release|Any CPU.Build.0 = Release|Any CPU
		{F27E8238-ADBF-4F67-8EE0-BD4F73DAB75C}.Debug|Any CPU.ActiveCfg = Debug|Any CPU
		{F27E8238-ADBF-4F67-8EE0-BD4F73DAB75C}.Debug|Any CPU.Build.0 = Debug|Any CPU
		{F27E8238-ADBF-4F67-8EE0-BD4F73DAB75C}.Release|Any CPU.ActiveCfg = Release|Any CPU
		{F27E8238-ADBF-4F67-8EE0-BD4F73DAB75C}.Release|Any CPU.Build.0 = Release|Any CPU
	EndGlobalSection
	GlobalSection(SolutionProperties) = preSolution
		HideSolutionNode = FALSE
	EndGlobalSection
	GlobalSection(ExtensibilityGlobals) = postSolution
		SolutionGuid = {4D3F4B75-3F13-4B85-8236-707F371F8473}
	EndGlobalSection
EndGlobal
